{
  "version": 2,
  "dependencies": {
    "net10.0": {
      "orleans.searchablestorage.qualification.skypulse.core": {
        "type": "Project"
      },
      "orleans.searchablestorage.qualification.skypulse.corpusbuilder": {
        "type": "Project",
        "dependencies": {
          "Orleans.SearchableStorage.Qualification.SkyPulse.Core": "[1.0.0, )"
        }
      }
    }
  }
}